
Microsoft Visual Studio Solution File, Format Version 12.00
# Visual Studio Version 17
VisualStudioVersion = 17.11.35219.272
MinimumVisualStudioVersion = 10.0.40219.1
Project("{FAE04EC0-301F-11D3-BF4B-00C04F79EFBC}") = "TaskManagerApp", "TaskManagerApp.csproj", "{F2D60926-61C2-4B90-83CE-E7272B81008E}"
EndProject
Global
	GlobalSection(SolutionConfigurationPlatforms) = preSolution
		Debug|Any CPU = Debug|Any CPU
		Release|Any CPU = Release|Any CPU
	EndGlobalSection
	GlobalSection(ProjectConfigurationPlatforms) = postSolution
		{F2D60926-61C2-4B90-83CE-E7272B81008E}.Debug|Any CPU.ActiveCfg = Debug|Any CPU
		{F2D60926-61C2-4B90-83CE-E7272B81008E}.Debug|Any CPU.Build.0 = Debug|Any CPU
		{F2D60926-61C2-4B90-83CE-E7272B81008E}.Release|Any CPU.ActiveCfg = Release|Any CPU
		{F2D60926-61C2-4B90-83CE-E7272B81008E}.Release|Any CPU.Build.0 = Release|Any CPU
	EndGlobalSection
	GlobalSection(SolutionProperties) = preSolution
		HideSolutionNode = FALSE
	EndGlobalSection
	GlobalSection(ExtensibilityGlobals) = postSolution
		SolutionGuid = {D7045091-0011-4CDF-99E8-573B74BE88F9}
	EndGlobalSection
EndGlobal
